entgo.io/ent v0.14.1 h1:fUERL506Pqr92EPHJqr8EYxbPioflJo6PudkrEA8a/s=
entgo.io/ent v0.14.1/go.mod h1:MH6XLG0KXpkcDQhKiHfANZSzR55TJyPL5IGNpI8wpco=
entgo.io/ent v0.14.4 h1:/DhDraSLXIkBhyiVoJeSshr4ZYi7femzhj6/TckzZuI=
entgo.io/ent v0.14.4/go.mod h1:aDPE/OziPEu8+OWbzy4UlvWmD2/kbRuWfK2A40hcxJM=
github.com/DATA-DOG/go-sqlmock v1.5.0 h1:Shsta01QNfFxHCfpW6YH2STWB0MudeXXEWMr20OEh60=
github.com/DATA-DOG/go-sqlmock v1.5.0/go.mod h1:f/Ixk793poVmq4qj/V1dPUg2JEAKC73Q5eFN3EC/SaM=
github.com/davecgh/go-spew v1.1.1 h1:vj9j/u1bqnvCEfJOwUhtlOARqs3+rkHYY13jYWTU97c=
github.com/davecgh/go-spew v1.1.1/go.mod h1:J7Y8YcW2NihsgmVo/mv3lAwl/skON4iLHjSsI+c5H38=
github.com/goexts/generic v0.1.5 h1:dcwTieu7Vib9cjYhQVLvKa4I0Y4rVON3brZNw4YCbAE=
github.com/goexts/generic v0.1.5/go.mod h1:j/ZjWHYt+If6VjeHWvDhYKdoP+gAiAKpm0cu3yvKmfo=
github.com/goexts/generic v0.2.5 h1:+TjsHnduEqQrjXcWbO/ubvOCBNbYHJ5ggvkHicz/JVY=
github.com/goexts/generic v0.2.5/go.mod h1:SZddH3gsbpBCE8JezA87mLXvM0aVrHivRWmnTn+enI4=
github.com/google/uuid v1.6.0 h1:NIvaJDMOsjHA8n1jAhLSgzrAzy1Hgr+hNrb57e+94F0=
github.com/google/uuid v1.6.0/go.mod h1:TIyPZe4MgqvfeYDBFedMoGGpEw/LqOeaOT+nhxU+yHo=
github.com/pmezard/go-difflib v1.0.0 h1:4DBwDE0NGyQoBHbLQYPwSUPoCMWR5BEzIk/f1lZbAQM=
github.com/pmezard/go-difflib v1.0.0/go.mod h1:iKH77koFhYxTK1pcRnkKkqfTogsbg7gZNVY4sRDYZ/4=
github.com/stretchr/testify v1.10.0 h1:Xv5erBjTwe/5IxqUQTdXv5kgmIvbHo3QQyRwhJsOfJA=
github.com/stretchr/testify v1.10.0/go.mod h1:r2ic/lqez/lEtzL7wO/rwa5dbSLXVDPFyf8C91i36aY=
golang.org/x/exp v0.0.0-20250408133849-7e4ce0ab07d0 h1:R84qjqJb5nVJMxqWYb3np9L5ZsaDtB+a39EqjV0JSUM=
golang.org/x/exp v0.0.0-20250408133849-7e4ce0ab07d0/go.mod h1:S9Xr4PYopiDyqSyp5NjCrhFrqg6A5zA2E/iPHPhqnS8=
gopkg.in/yaml.v3 v3.0.1 h1:fxVm/GzAzEWqLHuvctI91KS9hhNmmWOoWu0XTYJS7CA=
gopkg.in/yaml.v3 v3.0.1/go.mod h1:K4uyk7z7BCEPqu6E+C64Yfv1cQ7kz7rIZviUmN+EgEM=
